	<Project xmlns="http://schemas.microsoft.com/developer/msbuild/2003">
		<PropertyGroup>
			<ProjectGuid>{973E20C6-CB9B-4EC5-BE18-BE2D6CD9BE9C}</ProjectGuid>
			<MainSource>Manufacture_Packaging_BIG.dpr</MainSource>
			<Config Condition="'$(Config)'==''">Debug</Config>
			<DCC_DCCCompiler>DCC32</DCC_DCCCompiler>
			<ProjectVersion>12.0</ProjectVersion>
		</PropertyGroup>
		<PropertyGroup Condition="'$(Config)'=='Base' or '$(Base)'!=''">
			<Base>true</Base>
		</PropertyGroup>
		<PropertyGroup Condition="'$(Config)'=='Release' or '$(Cfg_1)'!=''">
			<Cfg_1>true</Cfg_1>
			<CfgParent>Base</CfgParent>
			<Base>true</Base>
		</PropertyGroup>
		<PropertyGroup Condition="'$(Config)'=='Debug' or '$(Cfg_2)'!=''">
			<Cfg_2>true</Cfg_2>
			<CfgParent>Base</CfgParent>
			<Base>true</Base>
		</PropertyGroup>
		<PropertyGroup Condition="'$(Base)'!=''">
			<DCC_UsePackage>vclx;vcl;rtl;dbrtl;vcldb;vclactnband;vcldbx;bdertl;dsnap;dsnapcon;vclib;ibxpress;adortl;IndyCore;IndySystem;IndyProtocols;xmlrtl;inet;intrawebdb_100_120;Intraweb_100_120;VclSmp;vclie;websnap;webdsnap;inetdbbde;inetdbxpress;soaprtl;vclribbon;dbexpress;DbxCommonDriver;DataSnapIndy10ServerTransport;DataSnapProviderClient;DataSnapServer;DbxClientDriver;DBXInterBaseDriver;DBXMySQLDriver;dbxcds;DBXSybaseASEDriver;DBXSybaseASADriver;DBXOracleDriver;DBXMSSQLDriver;DBXInformixDriver;DBXDb2Driver;GSCQBuilderD12;TeeUI;TeeDB;Tee;fsTee12;fs12;frx12;frxADO12;frxBDE12;frxcs12;frxDB12;frxDBX12;frxe12;frxIBX12;frxTee12;fsADO12;fsBDE12;fsDB12;fsIBX12;SMExportD2009;SMImportD2009;DigitalPersona;dxorgcD12;dacvcl120;dac120;CRControls120;unidacvcl120;unidac120;frxUniDAC12;frxDAC12;fsUniDAC12;fsDAC12;cxLibraryD12;dxCoreD12;cxPivotGridD12;cxEditorsD12;cxSchedulerD12;dxPSLnksD12;dxPSCoreD12;vclshlctrls;dxPSdxOCLnkD12;cxExtEditorsD12;dxmdsD12;dxBarD12;dxBarDBNavD12;dxBarExtDBItemsD12;dxBarExtItemsD12;dxdbtrD12;dxtrmdD12;dxDockingD12;dxFlowChartD12;dxLayoutControlD12;dxNavBarD12;dxdborD12;cxPageControlD12;cxGridD12;cxPivotGridOLAPD12;cxTreeListD12;cxTreeListdxBarPopupMenuD12;cxSchedulerGridD12;dxComnD12;dxsbD12;dcldxSkinsCoreD12;dxSkinsCoreD12;dxSkinscxScheduler3PainterD12;dxSkinsdxDLPainterD12;dxSkinsdxRibbonPainterD12;dxSkinsdxBarPainterD12;dxRibbonD12;dxSkinsdxNavBar2PainterD12;dxSpellCheckerD12;cxSpreadSheetD12;cxVerticalGridD12;cxPivotGridChartD12;IvComponentMasterRT12;IvComponentDevExpressRT12;IvComponentInstanceControlRT12;IvComponentUSBControlRT12;dxPScxPivotGrid2LnkD12;dxPScxCommonD12;dxPScxScheduler3LnkD12;dxPScxTL5LnkD12;dxPScxVGridLnkD12;dxPSdxDBOCLnkD12;dxPSdxDBTVLnkD12;dxPScxGrid6LnkD12;USBIOCOM</DCC_UsePackage>
			<DCC_ExeOutput>D:\Zetron Executable\Manufacture\</DCC_ExeOutput>
			<DCC_UnitAlias>WinTypes=Windows;WinProcs=Windows;DbiTypes=BDE;DbiProcs=BDE;DbiErrs=BDE;$(DCC_UnitAlias)</DCC_UnitAlias>
			<DCC_DependencyCheckOutputName>D:\Zetron Executable\Manufacture\Manufacture_Packaging_BIG.exe</DCC_DependencyCheckOutputName>
			<DCC_ImageBase>00400000</DCC_ImageBase>
			<DCC_Platform>x86</DCC_Platform>
		</PropertyGroup>
		<PropertyGroup Condition="'$(Cfg_1)'!=''">
			<DCC_LocalDebugSymbols>false</DCC_LocalDebugSymbols>
			<DCC_Define>RELEASE;$(DCC_Define)</DCC_Define>
			<DCC_SymbolReferenceInfo>0</DCC_SymbolReferenceInfo>
			<DCC_DebugInformation>false</DCC_DebugInformation>
		</PropertyGroup>
		<PropertyGroup Condition="'$(Cfg_2)'!=''">
			<DCC_Define>DEBUG;$(DCC_Define)</DCC_Define>
		</PropertyGroup>
		<ItemGroup>
			<DelphiCompile Include="Manufacture_Packaging_BIG.dpr">
				<MainSource>MainSource</MainSource>
			</DelphiCompile>
			<DCCReference Include="..\..\Modul General\Library\Ioctl.pas"/>
			<DCCReference Include="..\..\Modul General\Library\untConstanta.pas"/>
			<DCCReference Include="..\..\Modul General\Library\untFastReport.pas"/>
			<DCCReference Include="..\..\Modul General\Library\untInitVCL.pas"/>
			<DCCReference Include="..\..\Modul General\Library\untProcedure.pas"/>
			<DCCReference Include="..\..\Modul General\Library\untZetronServer.pas"/>
			<DCCReference Include="..\..\Modul Accounting\Data Module Accounting\dtmAccounting.pas">
				<Form>dmAccounting</Form>
				<DesignClass>TDataModule</DesignClass>
			</DCCReference>
			<DCCReference Include="..\..\Modul General\Data Module Global\dtmGlobal.pas">
				<Form>dmGlobal</Form>
				<DesignClass>TDataModule</DesignClass>
			</DCCReference>
			<DCCReference Include="Data Module Inventory\dtmInventory.pas">
				<Form>dmInventory</Form>
				<DesignClass>TDataModule</DesignClass>
			</DCCReference>
			<DCCReference Include="..\..\Modul General\Form About\frmAbout.pas">
				<Form>fmAbout</Form>
			</DCCReference>
			<DCCReference Include="..\..\Modul General\Form Backup Database\frmBackupDatabase.pas">
				<Form>fmBackupDatabase</Form>
			</DCCReference>
			<DCCReference Include="..\..\Modul General\Form Change Password\frmChangePassword.pas">
				<Form>fmChangePassword</Form>
			</DCCReference>
			<DCCReference Include="..\..\Modul General\Form City\frmCity.pas">
				<Form>fmCity</Form>
			</DCCReference>
			<DCCReference Include="..\..\Modul General\Form Closing Date\frmClosingDate.pas">
				<Form>fmClosingDate</Form>
			</DCCReference>
			<DCCReference Include="..\..\Modul Accounting\Form COA\frmCOA.pas">
				<Form>fmCOA</Form>
			</DCCReference>
			<DCCReference Include="..\..\Modul General\Form Company\frmCompany.pas">
				<Form>fmCompany</Form>
			</DCCReference>
			<DCCReference Include="..\..\Modul General\Form Country\frmCountry.pas">
				<Form>fmCountry</Form>
			</DCCReference>
			<DCCReference Include="..\..\Modul General\Form Currency\frmCurrency.pas">
				<Form>fmCurrency</Form>
			</DCCReference>
			<DCCReference Include="..\..\Modul General\Form Daily Kurs\frmDailyKurs.pas">
				<Form>fmDailyKurs</Form>
			</DCCReference>
			<DCCReference Include="..\..\Modul General\Form Department\frmDepartment.pas">
				<Form>fmDepartment</Form>
			</DCCReference>
			<DCCReference Include="..\..\Modul General\Form Employee\frmEmployee.pas">
				<Form>fmEmployee</Form>
			</DCCReference>
			<DCCReference Include="..\..\Modul General\Form Export Import Data\frmExportImportData.pas">
				<Form>fmExportImportData</Form>
			</DCCReference>
			<DCCReference Include="..\..\Modul General\Form Export Report\frmExportReport.pas">
				<Form>fmExportReport</Form>
			</DCCReference>
			<DCCReference Include="..\..\Modul General\Form Import Report\frmImportReport.pas">
				<Form>fmImportReport</Form>
			</DCCReference>
			<DCCReference Include="Form Main Menu BIG\frmMainMenu.pas">
				<Form>fmMainMenu</Form>
			</DCCReference>
			<DCCReference Include="..\..\Modul General\Form Maintaince Database\frmMaintainceDatabase.pas">
				<Form>fmMaintainceDatabase</Form>
			</DCCReference>
			<DCCReference Include="..\..\Modul General\Form Open Waiting\frmOpenWaiting.pas">
				<Form>fmOpenWaiting</Form>
			</DCCReference>
			<DCCReference Include="..\..\Modul General\Form Position\frmPosition.pas">
				<Form>fmPosition</Form>
			</DCCReference>
			<DCCReference Include="..\..\Modul General\Form Preview FastReport\frmPreviewFastReport.pas">
				<Form>fmPreviewFastReport</Form>
			</DCCReference>
			<DCCReference Include="..\..\Modul General\Form Print FastReport\frmPrintFastReport.pas">
				<Form>fmPrintFastReport</Form>
			</DCCReference>
			<DCCReference Include="..\..\Modul General\Form Province\frmProvince.pas">
				<Form>fmProvince</Form>
			</DCCReference>
			<DCCReference Include="..\..\Modul General\Form Report Category\frmReportCategory.pas">
				<Form>fmReportCategory</Form>
			</DCCReference>
			<DCCReference Include="..\..\Modul General\Form Report Designer\frmReportDesigner.pas">
				<Form>fmReportDesigner</Form>
			</DCCReference>
			<DCCReference Include="..\..\Modul General\Form Security\frmSecurity.pas">
				<Form>fmSecurity</Form>
			</DCCReference>
			<DCCReference Include="..\..\Modul General\Form Setting Global\frmSettingGlobal.pas">
				<Form>fmSettingGlobal</Form>
			</DCCReference>
			<DCCReference Include="..\..\Modul General\Form Setting Global\frmSettingGlobalPackaging.pas">
				<Form>fmSettingGlobalPackaging</Form>
			</DCCReference>
			<DCCReference Include="..\..\Modul General\Form Setting Local\frmSettingLocal.pas">
				<Form>fmSettingLocal</Form>
			</DCCReference>
			<DCCReference Include="..\..\Modul General\Form Template\frmUni.pas">
				<Form>FormUni</Form>
			</DCCReference>
			<DCCReference Include="..\..\Modul General\Form Template\frmUniDB.pas">
				<Form>FormUniDB</Form>
			</DCCReference>
			<DCCReference Include="..\..\Modul General\Form Template\frmUniDBEditableEx.pas">
				<Form>FormUniDBEditableEx</Form>
			</DCCReference>
			<DCCReference Include="..\..\Modul General\Form Template\frmUniDBNavigator.pas">
				<Form>FormUniDBNavigator</Form>
			</DCCReference>
			<DCCReference Include="..\..\Modul General\Form Template\frmUniDBNavigatorEx.pas">
				<Form>FormUniDBNavigatorEx</Form>
			</DCCReference>
			<DCCReference Include="..\..\Modul General\Form Template\frmUniDBPrintableEx.pas">
				<Form>FormUniDBPrintableEx</Form>
			</DCCReference>
			<DCCReference Include="..\..\Modul General\Form Template\frmUniDisplay.pas">
				<Form>FormUniDisplay</Form>
			</DCCReference>
			<DCCReference Include="..\..\Modul General\Form Template\frmUniDisplayPeriod.pas">
				<Form>FormUniDisplayPeriod</Form>
			</DCCReference>
			<DCCReference Include="..\..\Modul General\Form Template\frmUniList.pas">
				<Form>FormUniList</Form>
			</DCCReference>
			<DCCReference Include="..\..\Modul General\Form Template\frmUniMainMenu.pas">
				<Form>FormUniMainMenu</Form>
			</DCCReference>
			<DCCReference Include="..\..\Modul General\Form Template\frmUniManufacture.pas">
				<Form>FormUniManufacture</Form>
			</DCCReference>
			<DCCReference Include="..\..\Modul General\Form Template\frmUniMasterEx.pas">
				<Form>FormUniMasterEx</Form>
			</DCCReference>
			<DCCReference Include="..\..\Modul General\Form Template\frmUniPosition.pas">
				<Form>FormUniPosition</Form>
			</DCCReference>
			<DCCReference Include="..\..\Modul General\Form Template\frmUniTransactionEx.pas">
				<Form>FormUniTransactionEx</Form>
			</DCCReference>
			<DCCReference Include="Form Warehouse\frmWarehouse.pas">
				<Form>fmWarehouse</Form>
			</DCCReference>
			<DCCReference Include="Form Customer Category\frmCustomerCategory.pas">
				<Form>fmCustomerCategory</Form>
			</DCCReference>
			<DCCReference Include="Form Shipping\frmShipping.pas">
				<Form>fmShipping</Form>
			</DCCReference>
			<DCCReference Include="Form Customer\frmCustomer.pas">
				<Form>fmCustomer</Form>
			</DCCReference>
			<DCCReference Include="Form Vendor\frmVendor.pas">
				<Form>fmVendor</Form>
			</DCCReference>
			<DCCReference Include="Form Item Category\frmItemCategory.pas">
				<Form>fmItemCategory</Form>
			</DCCReference>
			<DCCReference Include="Form Item\frmItem.pas">
				<Form>fmItem</Form>
			</DCCReference>
			<DCCReference Include="Form Material\frmMaterial.pas">
				<Form>fmMaterial</Form>
			</DCCReference>
			<DCCReference Include="Form Bill Material\frmBillMaterial.pas">
				<Form>fmBillMaterial</Form>
			</DCCReference>
			<DCCReference Include="Form Bill Material\frmBillMaterialModify.pas">
				<Form>fmBillMaterialModify</Form>
			</DCCReference>
			<DCCReference Include="Form PO Manufacture\frmPOManufacture.pas">
				<Form>fmPOManufacture</Form>
			</DCCReference>
			<DCCReference Include="Form SPK\frmSPK.pas">
				<Form>fmSPK</Form>
			</DCCReference>
			<DCCReference Include="Form Penerimaan Barang\frmPenerimaanBarang.pas">
				<Form>fmPenerimaanBarang</Form>
			</DCCReference>
			<DCCReference Include="Form Penerimaan Barang\frmPenerimaanBarangItem.pas">
				<Form>fmPenerimaanBarangItem</Form>
			</DCCReference>
			<DCCReference Include="Form LHP\frmLHP.pas">
				<Form>fmLHP</Form>
			</DCCReference>
			<DCCReference Include="Form Vendor Category\frmVendorCategory.pas">
				<Form>fmVendorCategory</Form>
			</DCCReference>
			<DCCReference Include="Form Costing\frmCosting.pas">
				<Form>fmCosting</Form>
			</DCCReference>
			<DCCReference Include="Form Item\frmItemPlastik.pas">
				<Form>fmItemPlastik</Form>
			</DCCReference>
			<DCCReference Include="Form Bill Material\frmBillMaterialInsert.pas">
				<Form>fmBillMaterialInsert</Form>
			</DCCReference>
			<DCCReference Include="Form Costing Price\frmCostingPrice.pas">
				<Form>fmCostingPrice</Form>
			</DCCReference>
			<DCCReference Include="Data Module Manufacture\dtmManufacture.pas">
				<Form>dmManufacture</Form>
				<DesignClass>TDataModule</DesignClass>
			</DCCReference>
			<DCCReference Include="Form Production Unit\frmProductionUnit.pas">
				<Form>fmProductionUnit</Form>
			</DCCReference>
			<DCCReference Include="Form Engine\frmEngine.pas">
				<Form>fmEngine</Form>
			</DCCReference>
			<DCCReference Include="Form Grader\frmGrader.pas">
				<Form>fmGrader</Form>
			</DCCReference>
			<DCCReference Include="Form Koor Grader\frmKoorGrader.pas">
				<Form>fmKoorGrader</Form>
			</DCCReference>
			<DCCReference Include="Form Tallyman\frmTallyman.pas">
				<Form>fmTallyMan</Form>
			</DCCReference>
			<DCCReference Include="Form Display Stock\frmDisplayStock.pas">
				<Form>fmDisplayStock</Form>
			</DCCReference>
			<DCCReference Include="Form Purchase Price\frmPurchasePrice.pas">
				<Form>fmPurchasePrice</Form>
			</DCCReference>
			<DCCReference Include="Form Sale Price\frmSalePrice.pas">
				<Form>fmSalePrice</Form>
			</DCCReference>
			<DCCReference Include="Form Sale Price List\frmSalePriceList.pas">
				<Form>fmSalePriceList</Form>
			</DCCReference>
			<DCCReference Include="Form Purchase Price List\frmPurchasePriceList.pas">
				<Form>fmPurchasePriceList</Form>
			</DCCReference>
			<DCCReference Include="Form PO Manufacture\frmPOManufactureItem.pas">
				<Form>fmPOManufactureItem</Form>
			</DCCReference>
			<DCCReference Include="Form SPK\frmSPKBOM.pas">
				<Form>fmSPKBOM</Form>
			</DCCReference>
			<DCCReference Include="Form Purchase Invoice\frmPurchaseInvoice.pas">
				<Form>fmPurchaseInvoice</Form>
			</DCCReference>
			<DCCReference Include="Form Project\frmProject.pas">
				<Form>fmProject</Form>
			</DCCReference>
			<DCCReference Include="Form Outlet\frmOutlet.pas">
				<Form>fmOutlet</Form>
			</DCCReference>
			<DCCReference Include="Form Journal\frmJournal.pas">
				<Form>fmJournal</Form>
			</DCCReference>
			<DCCReference Include="Form Tally Entry\frmTallyEntry.pas">
				<Form>fmTallyEntry</Form>
			</DCCReference>
			<DCCReference Include="Form Tally Entry\frmTallySquareEntry.pas">
				<Form>fmTallySquareEntry</Form>
			</DCCReference>
			<DCCReference Include="Form Tally Entry\frmTallyLogEntry.pas">
				<Form>fmTallyLogEntry</Form>
			</DCCReference>
			<DCCReference Include="Form Tally Entry\frmTallyItemEntry.pas">
				<Form>fmTallyItemEntry</Form>
			</DCCReference>
			<DCCReference Include="..\..\Modul General\Form Login\frmLogin.pas">
				<Form>fmLogin</Form>
			</DCCReference>
			<DCCReference Include="..\..\Modul General\Form Enrollment FingerPrint\frmEnrollmentFingerPrint.pas">
				<Form>fmEnrollmentFingerPrint</Form>
			</DCCReference>
			<BuildConfiguration Include="Base">
				<Key>Base</Key>
			</BuildConfiguration>
			<BuildConfiguration Include="Debug">
				<Key>Cfg_2</Key>
				<CfgParent>Base</CfgParent>
			</BuildConfiguration>
			<BuildConfiguration Include="Release">
				<Key>Cfg_1</Key>
				<CfgParent>Base</CfgParent>
			</BuildConfiguration>
		</ItemGroup>
		<Import Project="$(BDS)\Bin\CodeGear.Delphi.Targets" Condition="Exists('$(BDS)\Bin\CodeGear.Delphi.Targets')"/>
		<ProjectExtensions>
			<Borland.Personality>Delphi.Personality.12</Borland.Personality>
			<Borland.ProjectType>VCLApplication</Borland.ProjectType>
			<BorlandProject>
				<Delphi.Personality>
					<Source>
						<Source Name="MainSource">Manufacture_Packaging_BIG.dpr</Source>
					</Source>
					<Parameters>
						<Parameters Name="UseLauncher">False</Parameters>
						<Parameters Name="LoadAllSymbols">True</Parameters>
						<Parameters Name="LoadUnspecifiedSymbols">False</Parameters>
					</Parameters>
					<VersionInfo>
						<VersionInfo Name="IncludeVerInfo">True</VersionInfo>
						<VersionInfo Name="AutoIncBuild">False</VersionInfo>
						<VersionInfo Name="MajorVer">1</VersionInfo>
						<VersionInfo Name="MinorVer">0</VersionInfo>
						<VersionInfo Name="Release">0</VersionInfo>
						<VersionInfo Name="Build">4</VersionInfo>
						<VersionInfo Name="Debug">False</VersionInfo>
						<VersionInfo Name="PreRelease">False</VersionInfo>
						<VersionInfo Name="Special">False</VersionInfo>
						<VersionInfo Name="Private">False</VersionInfo>
						<VersionInfo Name="DLL">False</VersionInfo>
						<VersionInfo Name="Locale">1057</VersionInfo>
						<VersionInfo Name="CodePage">1252</VersionInfo>
					</VersionInfo>
					<VersionInfoKeys>
						<VersionInfoKeys Name="CompanyName">Zetron System</VersionInfoKeys>
						<VersionInfoKeys Name="FileDescription"/>
						<VersionInfoKeys Name="FileVersion">1.0.0.4</VersionInfoKeys>
						<VersionInfoKeys Name="InternalName"/>
						<VersionInfoKeys Name="LegalCopyright">Zetron System 2009</VersionInfoKeys>
						<VersionInfoKeys Name="LegalTrademarks"/>
						<VersionInfoKeys Name="OriginalFilename"/>
						<VersionInfoKeys Name="ProductName">Zetron Manufactoring Packaging</VersionInfoKeys>
						<VersionInfoKeys Name="ProductVersion">1.0.0.0</VersionInfoKeys>
						<VersionInfoKeys Name="Comments"/>
					</VersionInfoKeys>
					<Excluded_Packages>
						<Excluded_Packages Name="$(BDS)\bin\dcloffice2k120.bpl">Microsoft Office 2000 Sample Automation Server Wrapper Components</Excluded_Packages>
						<Excluded_Packages Name="$(BDS)\bin\dclofficexp120.bpl">Microsoft Office XP Sample Automation Server Wrapper Components</Excluded_Packages>
					</Excluded_Packages>
				</Delphi.Personality>
			</BorlandProject>
			<ProjectFileVersion>12</ProjectFileVersion>
		</ProjectExtensions>
	</Project>
